
Microsoft Visual Studio Solution File, Format Version 12.00
Project("{FAE04EC0-301F-11D3-BF4B-00C04F79EFBC}") = "ActionMenuApi", "ActionMenuApi\ActionMenuApi.csproj", "{8F74B60C-3E7F-409B-8245-61E16A4C34E7}"
EndProject
Project("{FAE04EC0-301F-11D3-BF4B-00C04F79EFBC}") = "ActionMenuTestMod", "ActionMenuTestMod\ActionMenuTestMod.csproj", "{8F74B60C-3E7F-409B-8245-61E16A4C34E7}"
EndProject
Global
	GlobalSection(SolutionConfigurationPlatforms) = preSolution
		Debug|Any CPU = Debug|Any CPU
		Release|Any CPU = Release|Any CPU
	EndGlobalSection
	GlobalSection(ProjectConfigurationPlatforms) = postSolution
		{8F74B60C-3E7F-409B-8245-61E16A4C34E7}.Debug|Any CPU.ActiveCfg = Debug|Any CPU
		{8F74B60C-3E7F-409B-8245-61E16A4C34E7}.Debug|Any CPU.Build.0 = Debug|Any CPU
		{8F74B60C-3E7F-409B-8245-61E16A4C34E7}.Release|Any CPU.ActiveCfg = Release|Any CPU
		{8F74B60C-3E7F-409B-8245-61E16A4C34E7}.Release|Any CPU.Build.0 = Release|Any CPU
		{8F74B60C-3E7F-409B-8245-61E16A4C34E7}.Release|Any CPU.Deploy.0 = Release|Any CPU
	EndGlobalSection
EndGlobal
