
Microsoft Visual Studio Solution File, Format Version 12.00

Project("{2150E333-8FDC-42A3-9474-1A3956D46DE8}") = "Solution Items", "Solution Items", "{F70C2A5E-41A4-481E-8666-243A82F93E40}"
ProjectSection(SolutionItems) = preProject
	README.md = README.md
	LICENSE = LICENSE
	.gitignore = .gitignore
	Directory.Build.props = Directory.Build.props
EndProjectSection
EndProject

Project("{DA3EF296-0E10-44D0-8EB4-A44CC02AAB15}") = "ActionMenuApi", "ActionMenuApi\ActionMenuApi.csproj", "{4F1AFCA6-F4AC-49B9-9FEE-3C83C4664835}"
EndProject
Project("{DA3EF296-0E10-44D0-8EB4-A44CC02AAB15}") = "ActionMenuTestMod", "ActionMenuTestMod\ActionMenuTestMod.csproj", "{7D1FA011-E981-48A0-9267-1C104B848AB8}"
EndProject
Global
	GlobalSection(SolutionConfigurationPlatforms) = preSolution
		Debug|Any CPU = Debug|Any CPU
		Release|Any CPU = Release|Any CPU
	EndGlobalSection
	GlobalSection(ProjectConfigurationPlatforms) = postSolution
        {4F1AFCA6-F4AC-49B9-9FEE-3C83C4664835}.Debug|Any CPU.ActiveCfg = Debug|Any CPU
        {4F1AFCA6-F4AC-49B9-9FEE-3C83C4664835}.Debug|Any CPU.Build.0 = Debug|Any CPU
        {4F1AFCA6-F4AC-49B9-9FEE-3C83C4664835}.Release|Any CPU.ActiveCfg = Release|Any CPU
        {4F1AFCA6-F4AC-49B9-9FEE-3C83C4664835}.Release|Any CPU.Build.0 = Release|Any CPU
        {7D1FA011-E981-48A0-9267-1C104B848AB8}.Debug|Any CPU.ActiveCfg = Debug|Any CPU
        {7D1FA011-E981-48A0-9267-1C104B848AB8}.Debug|Any CPU.Build.0 = Debug|Any CPU
        {7D1FA011-E981-48A0-9267-1C104B848AB8}.Release|Any CPU.ActiveCfg = Release|Any CPU
        {7D1FA011-E981-48A0-9267-1C104B848AB8}.Release|Any CPU.Build.0 = Release|Any CPU
    EndGlobalSection
EndGlobal
